
Microsoft Visual Studio Solution File, Format Version 12.00
# Visual Studio Version 17
VisualStudioVersion = 17.4.33103.184
MinimumVisualStudioVersion = 10.0.40219.1
Project("{FAE04EC0-301F-11D3-BF4B-00C04F79EFBC}") = "SQL", "SQL\SQL.csproj", "{51182F84-7027-4EB1-88F6-4E465B307C44}"
EndProject
Global
	GlobalSection(SolutionConfigurationPlatforms) = preSolution
		Debug|Any CPU = Debug|Any CPU
		Release|Any CPU = Release|Any CPU
	EndGlobalSection
	GlobalSection(ProjectConfigurationPlatforms) = postSolution
		{51182F84-7027-4EB1-88F6-4E465B307C44}.Debug|Any CPU.ActiveCfg = Debug|Any CPU
		{51182F84-7027-4EB1-88F6-4E465B307C44}.Debug|Any CPU.Build.0 = Debug|Any CPU
		{51182F84-7027-4EB1-88F6-4E465B307C44}.Release|Any CPU.ActiveCfg = Release|Any CPU
		{51182F84-7027-4EB1-88F6-4E465B307C44}.Release|Any CPU.Build.0 = Release|Any CPU
	EndGlobalSection
	GlobalSection(SolutionProperties) = preSolution
		HideSolutionNode = FALSE
	EndGlobalSection
	GlobalSection(ExtensibilityGlobals) = postSolution
		SolutionGuid = {AFEC8150-B9E1-420F-81CC-9303D7B7BF08}
	EndGlobalSection
EndGlobal
